// !$*UTF8*$!
{
	archiveVersion = 1;
	classes = {
	};
	objectVersion = 56;
	objects = {

/* Begin PBXBuildFile section */
		4F228E6C2AE4146D00ABC029 /* CameraRootViewController.mm in Sources */ = {isa = PBXBuildFile; fileRef = 4F228E6B2AE4146D00ABC029 /* CameraRootViewController.mm */; };
		4F228E712AE4205400ABC029 /* CoreGraphics.framework in Frameworks */ = {isa = PBXBuildFile; fileRef = 4F228E702AE4205400ABC029 /* CoreGraphics.framework */; };
		4F228EA72AE5514800ABC029 /* PixelBufferRenderView.mm in Sources */ = {isa = PBXBuildFile; fileRef = 4F228EA62AE5514800ABC029 /* PixelBufferRenderView.mm */; };
		4F228EA92AE551A800ABC029 /* QuartzCore.framework in Frameworks */ = {isa = PBXBuildFile; fileRef = 4F228EA82AE551A800ABC029 /* QuartzCore.framework */; };
		4F228EAC2AE551DF00ABC029 /* UIWindowScene+interfaceOrientationDidChangeNotification.mm in Sources */ = {isa = PBXBuildFile; fileRef = 4F228EAB2AE551DF00ABC029 /* UIWindowScene+interfaceOrientationDidChangeNotification.mm */; };
		4F228EC12AE572B000ABC029 /* CoreVideo.framework in Frameworks */ = {isa = PBXBuildFile; fileRef = 4F228EC02AE572B000ABC029 /* CoreVideo.framework */; };
		4F228EC32AE5739900ABC029 /* CoreMedia.framework in Frameworks */ = {isa = PBXBuildFile; fileRef = 4F228EC22AE5739900ABC029 /* CoreMedia.framework */; };
		4F4FB05B2AE2BFC000E8BEB3 /* AppDelegate.mm in Sources */ = {isa = PBXBuildFile; fileRef = 4F4FB05A2AE2BFC000E8BEB3 /* AppDelegate.mm */; };
		4F4FB05E2AE2BFC000E8BEB3 /* SceneDelegate.mm in Sources */ = {isa = PBXBuildFile; fileRef = 4F4FB05D2AE2BFC000E8BEB3 /* SceneDelegate.mm */; };
		4F4FB0612AE2BFC000E8BEB3 /* EffectsGridViewController.mm in Sources */ = {isa = PBXBuildFile; fileRef = 4F4FB0602AE2BFC000E8BEB3 /* EffectsGridViewController.mm */; };
		4F4FB0662AE2BFC100E8BEB3 /* Assets.xcassets in Resources */ = {isa = PBXBuildFile; fileRef = 4F4FB0652AE2BFC100E8BEB3 /* Assets.xcassets */; };
		4F4FB0692AE2BFC100E8BEB3 /* LaunchScreen.storyboard in Resources */ = {isa = PBXBuildFile; fileRef = 4F4FB0672AE2BFC100E8BEB3 /* LaunchScreen.storyboard */; };
		4F4FB06C2AE2BFC100E8BEB3 /* main.mm in Sources */ = {isa = PBXBuildFile; fileRef = 4F4FB06B2AE2BFC100E8BEB3 /* main.mm */; };
		4F4FB0742AE2C13F00E8BEB3 /* UIKit.framework in Frameworks */ = {isa = PBXBuildFile; fileRef = 4F4FB0732AE2C13F00E8BEB3 /* UIKit.framework */; };
		4F4FB0792AE2C27F00E8BEB3 /* EffectsView.mm in Sources */ = {isa = PBXBuildFile; fileRef = 4F4FB0782AE2C27F00E8BEB3 /* EffectsView.mm */; };
		4F4FB07B2AE2C3DF00E8BEB3 /* AVFoundation.framework in Frameworks */ = {isa = PBXBuildFile; fileRef = 4F4FB07A2AE2C3DF00E8BEB3 /* AVFoundation.framework */; };
		4F4FB07D2AE2C3E400E8BEB3 /* MetalKit.framework in Frameworks */ = {isa = PBXBuildFile; fileRef = 4F4FB07C2AE2C3E400E8BEB3 /* MetalKit.framework */; };
		4F9369092AE6B58000BE8E14 /* pixel_buffer_shader.metal in Sources */ = {isa = PBXBuildFile; fileRef = 4F9369082AE6B58000BE8E14 /* pixel_buffer_shader.metal */; };
/* End PBXBuildFile section */

/* Begin PBXFileReference section */
		4F228E6A2AE4146D00ABC029 /* CameraRootViewController.hpp */ = {isa = PBXFileReference; lastKnownFileType = sourcecode.cpp.h; path = CameraRootViewController.hpp; sourceTree = "<group>"; };
		4F228E6B2AE4146D00ABC029 /* CameraRootViewController.mm */ = {isa = PBXFileReference; lastKnownFileType = sourcecode.cpp.objcpp; path = CameraRootViewController.mm; sourceTree = "<group>"; };
		4F228E702AE4205400ABC029 /* CoreGraphics.framework */ = {isa = PBXFileReference; lastKnownFileType = wrapper.framework; name = CoreGraphics.framework; path = System/Library/Frameworks/CoreGraphics.framework; sourceTree = SDKROOT; };
		4F228EA52AE5514800ABC029 /* PixelBufferRenderView.hpp */ = {isa = PBXFileReference; lastKnownFileType = sourcecode.cpp.h; path = PixelBufferRenderView.hpp; sourceTree = "<group>"; };
		4F228EA62AE5514800ABC029 /* PixelBufferRenderView.mm */ = {isa = PBXFileReference; lastKnownFileType = sourcecode.cpp.objcpp; path = PixelBufferRenderView.mm; sourceTree = "<group>"; };
		4F228EA82AE551A800ABC029 /* QuartzCore.framework */ = {isa = PBXFileReference; lastKnownFileType = wrapper.framework; name = QuartzCore.framework; path = System/Library/Frameworks/QuartzCore.framework; sourceTree = SDKROOT; };
		4F228EAA2AE551DF00ABC029 /* UIWindowScene+interfaceOrientationDidChangeNotification.hpp */ = {isa = PBXFileReference; fileEncoding = 4; lastKnownFileType = sourcecode.cpp.h; path = "UIWindowScene+interfaceOrientationDidChangeNotification.hpp"; sourceTree = "<group>"; };
		4F228EAB2AE551DF00ABC029 /* UIWindowScene+interfaceOrientationDidChangeNotification.mm */ = {isa = PBXFileReference; fileEncoding = 4; lastKnownFileType = sourcecode.cpp.objcpp; path = "UIWindowScene+interfaceOrientationDidChangeNotification.mm"; sourceTree = "<group>"; };
		4F228EC02AE572B000ABC029 /* CoreVideo.framework */ = {isa = PBXFileReference; lastKnownFileType = wrapper.framework; name = CoreVideo.framework; path = System/Library/Frameworks/CoreVideo.framework; sourceTree = SDKROOT; };
		4F228EC22AE5739900ABC029 /* CoreMedia.framework */ = {isa = PBXFileReference; lastKnownFileType = wrapper.framework; name = CoreMedia.framework; path = System/Library/Frameworks/CoreMedia.framework; sourceTree = SDKROOT; };
		4F4FB0562AE2BFC000E8BEB3 /* Booth.app */ = {isa = PBXFileReference; explicitFileType = wrapper.application; includeInIndex = 0; path = Booth.app; sourceTree = BUILT_PRODUCTS_DIR; };
		4F4FB0592AE2BFC000E8BEB3 /* AppDelegate.hpp */ = {isa = PBXFileReference; lastKnownFileType = sourcecode.cpp.h; path = AppDelegate.hpp; sourceTree = "<group>"; };
		4F4FB05A2AE2BFC000E8BEB3 /* AppDelegate.mm */ = {isa = PBXFileReference; lastKnownFileType = sourcecode.cpp.objcpp; path = AppDelegate.mm; sourceTree = "<group>"; };
		4F4FB05C2AE2BFC000E8BEB3 /* SceneDelegate.hpp */ = {isa = PBXFileReference; lastKnownFileType = sourcecode.cpp.h; path = SceneDelegate.hpp; sourceTree = "<group>"; };
		4F4FB05D2AE2BFC000E8BEB3 /* SceneDelegate.mm */ = {isa = PBXFileReference; lastKnownFileType = sourcecode.cpp.objcpp; path = SceneDelegate.mm; sourceTree = "<group>"; };
		4F4FB05F2AE2BFC000E8BEB3 /* EffectsGridViewController.hpp */ = {isa = PBXFileReference; lastKnownFileType = sourcecode.cpp.h; path = EffectsGridViewController.hpp; sourceTree = "<group>"; };
		4F4FB0602AE2BFC000E8BEB3 /* EffectsGridViewController.mm */ = {isa = PBXFileReference; lastKnownFileType = sourcecode.cpp.objcpp; path = EffectsGridViewController.mm; sourceTree = "<group>"; };
		4F4FB0652AE2BFC100E8BEB3 /* Assets.xcassets */ = {isa = PBXFileReference; lastKnownFileType = folder.assetcatalog; path = Assets.xcassets; sourceTree = "<group>"; };
		4F4FB0682AE2BFC100E8BEB3 /* Base */ = {isa = PBXFileReference; lastKnownFileType = file.storyboard; name = Base; path = Base.lproj/LaunchScreen.storyboard; sourceTree = "<group>"; };
		4F4FB06A2AE2BFC100E8BEB3 /* Info.plist */ = {isa = PBXFileReference; lastKnownFileType = text.plist.xml; path = Info.plist; sourceTree = "<group>"; };
		4F4FB06B2AE2BFC100E8BEB3 /* main.mm */ = {isa = PBXFileReference; lastKnownFileType = sourcecode.cpp.objcpp; path = main.mm; sourceTree = "<group>"; };
		4F4FB0732AE2C13F00E8BEB3 /* UIKit.framework */ = {isa = PBXFileReference; lastKnownFileType = wrapper.framework; name = UIKit.framework; path = System/Library/Frameworks/UIKit.framework; sourceTree = SDKROOT; };
		4F4FB0772AE2C27F00E8BEB3 /* EffectsView.hpp */ = {isa = PBXFileReference; lastKnownFileType = sourcecode.cpp.h; path = EffectsView.hpp; sourceTree = "<group>"; };
		4F4FB0782AE2C27F00E8BEB3 /* EffectsView.mm */ = {isa = PBXFileReference; lastKnownFileType = sourcecode.cpp.objcpp; path = EffectsView.mm; sourceTree = "<group>"; };
		4F4FB07A2AE2C3DF00E8BEB3 /* AVFoundation.framework */ = {isa = PBXFileReference; lastKnownFileType = wrapper.framework; name = AVFoundation.framework; path = System/Library/Frameworks/AVFoundation.framework; sourceTree = SDKROOT; };
		4F4FB07C2AE2C3E400E8BEB3 /* MetalKit.framework */ = {isa = PBXFileReference; lastKnownFileType = wrapper.framework; name = MetalKit.framework; path = System/Library/Frameworks/MetalKit.framework; sourceTree = SDKROOT; };
		4F9369082AE6B58000BE8E14 /* pixel_buffer_shader.metal */ = {isa = PBXFileReference; fileEncoding = 4; lastKnownFileType = sourcecode.metal; path = pixel_buffer_shader.metal; sourceTree = "<group>"; };
/* End PBXFileReference section */

/* Begin PBXFrameworksBuildPhase section */
		4F4FB0532AE2BFC000E8BEB3 /* Frameworks */ = {
			isa = PBXFrameworksBuildPhase;
			buildActionMask = 2147483647;
			files = (
				4F228EA92AE551A800ABC029 /* QuartzCore.framework in Frameworks */,
				4F228E712AE4205400ABC029 /* CoreGraphics.framework in Frameworks */,
				4F4FB07D2AE2C3E400E8BEB3 /* MetalKit.framework in Frameworks */,
				4F4FB07B2AE2C3DF00E8BEB3 /* AVFoundation.framework in Frameworks */,
				4F4FB0742AE2C13F00E8BEB3 /* UIKit.framework in Frameworks */,
				4F228EC12AE572B000ABC029 /* CoreVideo.framework in Frameworks */,
				4F228EC32AE5739900ABC029 /* CoreMedia.framework in Frameworks */,
			);
			runOnlyForDeploymentPostprocessing = 0;
		};
/* End PBXFrameworksBuildPhase section */

/* Begin PBXGroup section */
		4F4FB04D2AE2BFC000E8BEB3 = {
			isa = PBXGroup;
			children = (
				4F4FB0582AE2BFC000E8BEB3 /* Booth */,
				4F4FB0572AE2BFC000E8BEB3 /* Products */,
				4F4FB0722AE2C13F00E8BEB3 /* Frameworks */,
			);
			sourceTree = "<group>";
		};
		4F4FB0572AE2BFC000E8BEB3 /* Products */ = {
			isa = PBXGroup;
			children = (
				4F4FB0562AE2BFC000E8BEB3 /* Booth.app */,
			);
			name = Products;
			sourceTree = "<group>";
		};
		4F4FB0582AE2BFC000E8BEB3 /* Booth */ = {
			isa = PBXGroup;
			children = (
				4F4FB0592AE2BFC000E8BEB3 /* AppDelegate.hpp */,
				4F4FB05A2AE2BFC000E8BEB3 /* AppDelegate.mm */,
				4F4FB05C2AE2BFC000E8BEB3 /* SceneDelegate.hpp */,
				4F4FB05D2AE2BFC000E8BEB3 /* SceneDelegate.mm */,
				4F4FB0652AE2BFC100E8BEB3 /* Assets.xcassets */,
				4F4FB0672AE2BFC100E8BEB3 /* LaunchScreen.storyboard */,
				4F4FB06A2AE2BFC100E8BEB3 /* Info.plist */,
				4F4FB06B2AE2BFC100E8BEB3 /* main.mm */,
				4F228EAA2AE551DF00ABC029 /* UIWindowScene+interfaceOrientationDidChangeNotification.hpp */,
				4F228EAB2AE551DF00ABC029 /* UIWindowScene+interfaceOrientationDidChangeNotification.mm */,
				4F228E6A2AE4146D00ABC029 /* CameraRootViewController.hpp */,
				4F228E6B2AE4146D00ABC029 /* CameraRootViewController.mm */,
				4F228EA52AE5514800ABC029 /* PixelBufferRenderView.hpp */,
				4F228EA62AE5514800ABC029 /* PixelBufferRenderView.mm */,
				4F9369082AE6B58000BE8E14 /* pixel_buffer_shader.metal */,
				4F4FB0752AE2C1C700E8BEB3 /* Effects */,
			);
			path = Booth;
			sourceTree = "<group>";
		};
		4F4FB0722AE2C13F00E8BEB3 /* Frameworks */ = {
			isa = PBXGroup;
			children = (
				4F228EC22AE5739900ABC029 /* CoreMedia.framework */,
				4F228EC02AE572B000ABC029 /* CoreVideo.framework */,
				4F228EA82AE551A800ABC029 /* QuartzCore.framework */,
				4F228E702AE4205400ABC029 /* CoreGraphics.framework */,
				4F4FB07C2AE2C3E400E8BEB3 /* MetalKit.framework */,
				4F4FB07A2AE2C3DF00E8BEB3 /* AVFoundation.framework */,
				4F4FB0732AE2C13F00E8BEB3 /* UIKit.framework */,
			);
			name = Frameworks;
			sourceTree = "<group>";
		};
		4F4FB0752AE2C1C700E8BEB3 /* Effects */ = {
			isa = PBXGroup;
			children = (
				4F4FB0762AE2C23900E8BEB3 /* Grid */,
				4F4FB0772AE2C27F00E8BEB3 /* EffectsView.hpp */,
				4F4FB0782AE2C27F00E8BEB3 /* EffectsView.mm */,
			);
			path = Effects;
			sourceTree = "<group>";
		};
		4F4FB0762AE2C23900E8BEB3 /* Grid */ = {
			isa = PBXGroup;
			children = (
				4F4FB05F2AE2BFC000E8BEB3 /* EffectsGridViewController.hpp */,
				4F4FB0602AE2BFC000E8BEB3 /* EffectsGridViewController.mm */,
			);
			path = Grid;
			sourceTree = "<group>";
		};
/* End PBXGroup section */

/* Begin PBXNativeTarget section */
		4F4FB0552AE2BFC000E8BEB3 /* Booth */ = {
			isa = PBXNativeTarget;
			buildConfigurationList = 4F4FB06F2AE2BFC100E8BEB3 /* Build configuration list for PBXNativeTarget "Booth" */;
			buildPhases = (
				4F4FB0522AE2BFC000E8BEB3 /* Sources */,
				4F4FB0532AE2BFC000E8BEB3 /* Frameworks */,
				4F4FB0542AE2BFC000E8BEB3 /* Resources */,
			);
			buildRules = (
			);
			dependencies = (
			);
			name = Booth;
			productName = Booth;
			productReference = 4F4FB0562AE2BFC000E8BEB3 /* Booth.app */;
			productType = "com.apple.product-type.application";
		};
/* End PBXNativeTarget section */

/* Begin PBXProject section */
		4F4FB04E2AE2BFC000E8BEB3 /* Project object */ = {
			isa = PBXProject;
			attributes = {
				BuildIndependentTargetsInParallel = 1;
				LastUpgradeCheck = 1510;
				TargetAttributes = {
					4F4FB0552AE2BFC000E8BEB3 = {
						CreatedOnToolsVersion = 15.1;
					};
				};
			};
			buildConfigurationList = 4F4FB0512AE2BFC000E8BEB3 /* Build configuration list for PBXProject "Booth" */;
			compatibilityVersion = "Xcode 14.0";
			developmentRegion = en;
			hasScannedForEncodings = 0;
			knownRegions = (
				en,
				Base,
			);
			mainGroup = 4F4FB04D2AE2BFC000E8BEB3;
			productRefGroup = 4F4FB0572AE2BFC000E8BEB3 /* Products */;
			projectDirPath = "";
			projectRoot = "";
			targets = (
				4F4FB0552AE2BFC000E8BEB3 /* Booth */,
			);
		};
/* End PBXProject section */

/* Begin PBXResourcesBuildPhase section */
		4F4FB0542AE2BFC000E8BEB3 /* Resources */ = {
			isa = PBXResourcesBuildPhase;
			buildActionMask = 2147483647;
			files = (
				4F4FB0692AE2BFC100E8BEB3 /* LaunchScreen.storyboard in Resources */,
				4F4FB0662AE2BFC100E8BEB3 /* Assets.xcassets in Resources */,
			);
			runOnlyForDeploymentPostprocessing = 0;
		};
/* End PBXResourcesBuildPhase section */

/* Begin PBXSourcesBuildPhase section */
		4F4FB0522AE2BFC000E8BEB3 /* Sources */ = {
			isa = PBXSourcesBuildPhase;
			buildActionMask = 2147483647;
			files = (
				4F4FB0792AE2C27F00E8BEB3 /* EffectsView.mm in Sources */,
				4F228EA72AE5514800ABC029 /* PixelBufferRenderView.mm in Sources */,
				4F4FB0612AE2BFC000E8BEB3 /* EffectsGridViewController.mm in Sources */,
				4F4FB05B2AE2BFC000E8BEB3 /* AppDelegate.mm in Sources */,
				4F228EAC2AE551DF00ABC029 /* UIWindowScene+interfaceOrientationDidChangeNotification.mm in Sources */,
				4F4FB06C2AE2BFC100E8BEB3 /* main.mm in Sources */,
				4F9369092AE6B58000BE8E14 /* pixel_buffer_shader.metal in Sources */,
				4F228E6C2AE4146D00ABC029 /* CameraRootViewController.mm in Sources */,
				4F4FB05E2AE2BFC000E8BEB3 /* SceneDelegate.mm in Sources */,
			);
			runOnlyForDeploymentPostprocessing = 0;
		};
/* End PBXSourcesBuildPhase section */

/* Begin PBXVariantGroup section */
		4F4FB0672AE2BFC100E8BEB3 /* LaunchScreen.storyboard */ = {
			isa = PBXVariantGroup;
			children = (
				4F4FB0682AE2BFC100E8BEB3 /* Base */,
			);
			name = LaunchScreen.storyboard;
			sourceTree = "<group>";
		};
/* End PBXVariantGroup section */

/* Begin XCBuildConfiguration section */
		4F4FB06D2AE2BFC100E8BEB3 /* Debug */ = {
			isa = XCBuildConfiguration;
			buildSettings = {
				ALWAYS_SEARCH_USER_PATHS = NO;
				ASSETCATALOG_COMPILER_GENERATE_SWIFT_ASSET_SYMBOL_EXTENSIONS = YES;
				CLANG_ANALYZER_NONNULL = YES;
				CLANG_ANALYZER_NUMBER_OBJECT_CONVERSION = YES_AGGRESSIVE;
				CLANG_CXX_LANGUAGE_STANDARD = "gnu++20";
				CLANG_ENABLE_MODULES = YES;
				CLANG_ENABLE_OBJC_ARC = NO;
				CLANG_ENABLE_OBJC_WEAK = NO;
				CLANG_WARN_BLOCK_CAPTURE_AUTORELEASING = YES;
				CLANG_WARN_BOOL_CONVERSION = YES;
				CLANG_WARN_COMMA = YES;
				CLANG_WARN_CONSTANT_CONVERSION = YES;
				CLANG_WARN_DEPRECATED_OBJC_IMPLEMENTATIONS = YES;
				CLANG_WARN_DIRECT_OBJC_ISA_USAGE = YES_ERROR;
				CLANG_WARN_DOCUMENTATION_COMMENTS = YES;
				CLANG_WARN_EMPTY_BODY = YES;
				CLANG_WARN_ENUM_CONVERSION = YES;
				CLANG_WARN_INFINITE_RECURSION = YES;
				CLANG_WARN_INT_CONVERSION = YES;
				CLANG_WARN_NON_LITERAL_NULL_CONVERSION = YES;
				CLANG_WARN_OBJC_IMPLICIT_RETAIN_SELF = YES;
				CLANG_WARN_OBJC_LITERAL_CONVERSION = YES;
				CLANG_WARN_OBJC_ROOT_CLASS = YES_ERROR;
				CLANG_WARN_QUOTED_INCLUDE_IN_FRAMEWORK_HEADER = YES;
				CLANG_WARN_RANGE_LOOP_ANALYSIS = YES;
				CLANG_WARN_STRICT_PROTOTYPES = YES;
				CLANG_WARN_SUSPICIOUS_MOVE = YES;
				CLANG_WARN_UNGUARDED_AVAILABILITY = YES_AGGRESSIVE;
				CLANG_WARN_UNREACHABLE_CODE = YES;
				CLANG_WARN__DUPLICATE_METHOD_MATCH = YES;
				COPY_PHASE_STRIP = NO;
				DEBUG_INFORMATION_FORMAT = dwarf;
				ENABLE_STRICT_OBJC_MSGSEND = YES;
				ENABLE_TESTABILITY = YES;
				ENABLE_USER_SCRIPT_SANDBOXING = YES;
				GCC_C_LANGUAGE_STANDARD = gnu17;
				GCC_DYNAMIC_NO_PIC = NO;
				GCC_NO_COMMON_BLOCKS = YES;
				GCC_OPTIMIZATION_LEVEL = 0;
				GCC_PREPROCESSOR_DEFINITIONS = (
					"DEBUG=1",
					"$(inherited)",
				);
				GCC_WARN_64_TO_32_BIT_CONVERSION = YES;
				GCC_WARN_ABOUT_RETURN_TYPE = YES_ERROR;
				GCC_WARN_UNDECLARED_SELECTOR = YES;
				GCC_WARN_UNINITIALIZED_AUTOS = YES_AGGRESSIVE;
				GCC_WARN_UNUSED_FUNCTION = YES;
				GCC_WARN_UNUSED_VARIABLE = YES;
				IPHONEOS_DEPLOYMENT_TARGET = 17.0;
				LOCALIZATION_PREFERS_STRING_CATALOGS = YES;
				MTL_ENABLE_DEBUG_INFO = INCLUDE_SOURCE;
				MTL_FAST_MATH = YES;
				ONLY_ACTIVE_ARCH = YES;
				SDKROOT = iphoneos;
			};
			name = Debug;
		};
		4F4FB06E2AE2BFC100E8BEB3 /* Release */ = {
			isa = XCBuildConfiguration;
			buildSettings = {
				ALWAYS_SEARCH_USER_PATHS = NO;
				ASSETCATALOG_COMPILER_GENERATE_SWIFT_ASSET_SYMBOL_EXTENSIONS = YES;
				CLANG_ANALYZER_NONNULL = YES;
				CLANG_ANALYZER_NUMBER_OBJECT_CONVERSION = YES_AGGRESSIVE;
				CLANG_CXX_LANGUAGE_STANDARD = "gnu++20";
				CLANG_ENABLE_MODULES = YES;
				CLANG_ENABLE_OBJC_ARC = NO;
				CLANG_ENABLE_OBJC_WEAK = NO;
				CLANG_WARN_BLOCK_CAPTURE_AUTORELEASING = YES;
				CLANG_WARN_BOOL_CONVERSION = YES;
				CLANG_WARN_COMMA = YES;
				CLANG_WARN_CONSTANT_CONVERSION = YES;
				CLANG_WARN_DEPRECATED_OBJC_IMPLEMENTATIONS = YES;
				CLANG_WARN_DIRECT_OBJC_ISA_USAGE = YES_ERROR;
				CLANG_WARN_DOCUMENTATION_COMMENTS = YES;
				CLANG_WARN_EMPTY_BODY = YES;
				CLANG_WARN_ENUM_CONVERSION = YES;
				CLANG_WARN_INFINITE_RECURSION = YES;
				CLANG_WARN_INT_CONVERSION = YES;
				CLANG_WARN_NON_LITERAL_NULL_CONVERSION = YES;
				CLANG_WARN_OBJC_IMPLICIT_RETAIN_SELF = YES;
				CLANG_WARN_OBJC_LITERAL_CONVERSION = YES;
				CLANG_WARN_OBJC_ROOT_CLASS = YES_ERROR;
				CLANG_WARN_QUOTED_INCLUDE_IN_FRAMEWORK_HEADER = YES;
				CLANG_WARN_RANGE_LOOP_ANALYSIS = YES;
				CLANG_WARN_STRICT_PROTOTYPES = YES;
				CLANG_WARN_SUSPICIOUS_MOVE = YES;
				CLANG_WARN_UNGUARDED_AVAILABILITY = YES_AGGRESSIVE;
				CLANG_WARN_UNREACHABLE_CODE = YES;
				CLANG_WARN__DUPLICATE_METHOD_MATCH = YES;
				COPY_PHASE_STRIP = NO;
				DEBUG_INFORMATION_FORMAT = "dwarf-with-dsym";
				ENABLE_NS_ASSERTIONS = NO;
				ENABLE_STRICT_OBJC_MSGSEND = YES;
				ENABLE_USER_SCRIPT_SANDBOXING = YES;
				GCC_C_LANGUAGE_STANDARD = gnu17;
				GCC_NO_COMMON_BLOCKS = YES;
				GCC_WARN_64_TO_32_BIT_CONVERSION = YES;
				GCC_WARN_ABOUT_RETURN_TYPE = YES_ERROR;
				GCC_WARN_UNDECLARED_SELECTOR = YES;
				GCC_WARN_UNINITIALIZED_AUTOS = YES_AGGRESSIVE;
				GCC_WARN_UNUSED_FUNCTION = YES;
				GCC_WARN_UNUSED_VARIABLE = YES;
				IPHONEOS_DEPLOYMENT_TARGET = 17.0;
				LOCALIZATION_PREFERS_STRING_CATALOGS = YES;
				MTL_ENABLE_DEBUG_INFO = NO;
				MTL_FAST_MATH = YES;
				SDKROOT = iphoneos;
				VALIDATE_PRODUCT = YES;
			};
			name = Release;
		};
		4F4FB0702AE2BFC100E8BEB3 /* Debug */ = {
			isa = XCBuildConfiguration;
			buildSettings = {
				ASSETCATALOG_COMPILER_APPICON_NAME = AppIcon;
				ASSETCATALOG_COMPILER_GLOBAL_ACCENT_COLOR_NAME = AccentColor;
				CODE_SIGN_STYLE = Automatic;
				CURRENT_PROJECT_VERSION = 1;
				DEVELOPMENT_TEAM = P53D29U9LJ;
				GENERATE_INFOPLIST_FILE = YES;
				INFOPLIST_FILE = Booth/Info.plist;
				INFOPLIST_KEY_UIApplicationSupportsIndirectInputEvents = YES;
				INFOPLIST_KEY_UILaunchStoryboardName = LaunchScreen;
				INFOPLIST_KEY_UISupportedInterfaceOrientations_iPad = "UIInterfaceOrientationPortrait UIInterfaceOrientationPortraitUpsideDown UIInterfaceOrientationLandscapeLeft UIInterfaceOrientationLandscapeRight";
				INFOPLIST_KEY_UISupportedInterfaceOrientations_iPhone = "UIInterfaceOrientationPortrait UIInterfaceOrientationLandscapeLeft UIInterfaceOrientationLandscapeRight";
				LD_RUNPATH_SEARCH_PATHS = (
					"$(inherited)",
					"@executable_path/Frameworks",
				);
				MARKETING_VERSION = 1.0;
				PRODUCT_BUNDLE_IDENTIFIER = com.pookjw.Booth;
				PRODUCT_NAME = "$(TARGET_NAME)";
				SWIFT_EMIT_LOC_STRINGS = YES;
				TARGETED_DEVICE_FAMILY = "1,2";
			};
			name = Debug;
		};
		4F4FB0712AE2BFC100E8BEB3 /* Release */ = {
			isa = XCBuildConfiguration;
			buildSettings = {
				ASSETCATALOG_COMPILER_APPICON_NAME = AppIcon;
				ASSETCATALOG_COMPILER_GLOBAL_ACCENT_COLOR_NAME = AccentColor;
				CODE_SIGN_STYLE = Automatic;
				CURRENT_PROJECT_VERSION = 1;
				DEVELOPMENT_TEAM = P53D29U9LJ;
				GENERATE_INFOPLIST_FILE = YES;
				INFOPLIST_FILE = Booth/Info.plist;
				INFOPLIST_KEY_UIApplicationSupportsIndirectInputEvents = YES;
				INFOPLIST_KEY_UILaunchStoryboardName = LaunchScreen;
				INFOPLIST_KEY_UISupportedInterfaceOrientations_iPad = "UIInterfaceOrientationPortrait UIInterfaceOrientationPortraitUpsideDown UIInterfaceOrientationLandscapeLeft UIInterfaceOrientationLandscapeRight";
				INFOPLIST_KEY_UISupportedInterfaceOrientations_iPhone = "UIInterfaceOrientationPortrait UIInterfaceOrientationLandscapeLeft UIInterfaceOrientationLandscapeRight";
				LD_RUNPATH_SEARCH_PATHS = (
					"$(inherited)",
					"@executable_path/Frameworks",
				);
				MARKETING_VERSION = 1.0;
				PRODUCT_BUNDLE_IDENTIFIER = com.pookjw.Booth;
				PRODUCT_NAME = "$(TARGET_NAME)";
				SWIFT_EMIT_LOC_STRINGS = YES;
				TARGETED_DEVICE_FAMILY = "1,2";
			};
			name = Release;
		};
/* End XCBuildConfiguration section */

/* Begin XCConfigurationList section */
		4F4FB0512AE2BFC000E8BEB3 /* Build configuration list for PBXProject "Booth" */ = {
			isa = XCConfigurationList;
			buildConfigurations = (
				4F4FB06D2AE2BFC100E8BEB3 /* Debug */,
				4F4FB06E2AE2BFC100E8BEB3 /* Release */,
			);
			defaultConfigurationIsVisible = 0;
			defaultConfigurationName = Release;
		};
		4F4FB06F2AE2BFC100E8BEB3 /* Build configuration list for PBXNativeTarget "Booth" */ = {
			isa = XCConfigurationList;
			buildConfigurations = (
				4F4FB0702AE2BFC100E8BEB3 /* Debug */,
				4F4FB0712AE2BFC100E8BEB3 /* Release */,
			);
			defaultConfigurationIsVisible = 0;
			defaultConfigurationName = Release;
		};
/* End XCConfigurationList section */
	};
	rootObject = 4F4FB04E2AE2BFC000E8BEB3 /* Project object */;
}
